
Microsoft Visual Studio Solution File, Format Version 12.00
# Visual Studio Version 17
VisualStudioVersion = 17.9.34728.123
MinimumVisualStudioVersion = 10.0.40219.1
Project("{FAE04EC0-301F-11D3-BF4B-00C04F79EFBC}") = "TollFeeCalculatorV2", "TollFeeCalculatorV2\TollFeeCalculatorV2.csproj", "{38E922BD-8EAC-408C-B51B-DD1C76D37224}"
EndProject
Global
	GlobalSection(SolutionConfigurationPlatforms) = preSolution
		Debug|Any CPU = Debug|Any CPU
		Release|Any CPU = Release|Any CPU
	EndGlobalSection
	GlobalSection(ProjectConfigurationPlatforms) = postSolution
		{38E922BD-8EAC-408C-B51B-DD1C76D37224}.Debug|Any CPU.ActiveCfg = Debug|Any CPU
		{38E922BD-8EAC-408C-B51B-DD1C76D37224}.Debug|Any CPU.Build.0 = Debug|Any CPU
		{38E922BD-8EAC-408C-B51B-DD1C76D37224}.Release|Any CPU.ActiveCfg = Release|Any CPU
		{38E922BD-8EAC-408C-B51B-DD1C76D37224}.Release|Any CPU.Build.0 = Release|Any CPU
	EndGlobalSection
	GlobalSection(SolutionProperties) = preSolution
		HideSolutionNode = FALSE
	EndGlobalSection
	GlobalSection(ExtensibilityGlobals) = postSolution
		SolutionGuid = {C1CBDB34-63FA-4DA2-AD07-BFA4DE5D1994}
	EndGlobalSection
EndGlobal
